
Microsoft Visual Studio Solution File, Format Version 12.00
# Visual Studio Version 16
VisualStudioVersion = 16.0.30804.86
MinimumVisualStudioVersion = 10.0.40219.1
Project("{FAE04EC0-301F-11D3-BF4B-00C04F79EFBC}") = "IPT.Lab5.server", "IPT.Lab5.server\IPT.Lab5.server.csproj", "{D6798A63-E609-4CC5-B6EF-66E5D2B81B0E}"
EndProject
Global
	GlobalSection(SolutionConfigurationPlatforms) = preSolution
		Debug|Any CPU = Debug|Any CPU
		Release|Any CPU = Release|Any CPU
	EndGlobalSection
	GlobalSection(ProjectConfigurationPlatforms) = postSolution
		{D6798A63-E609-4CC5-B6EF-66E5D2B81B0E}.Debug|Any CPU.ActiveCfg = Debug|Any CPU
		{D6798A63-E609-4CC5-B6EF-66E5D2B81B0E}.Debug|Any CPU.Build.0 = Debug|Any CPU
		{D6798A63-E609-4CC5-B6EF-66E5D2B81B0E}.Release|Any CPU.ActiveCfg = Release|Any CPU
		{D6798A63-E609-4CC5-B6EF-66E5D2B81B0E}.Release|Any CPU.Build.0 = Release|Any CPU
	EndGlobalSection
	GlobalSection(SolutionProperties) = preSolution
		HideSolutionNode = FALSE
	EndGlobalSection
	GlobalSection(ExtensibilityGlobals) = postSolution
		SolutionGuid = {AC59C1A2-CD36-404C-BC29-5B028854319E}
	EndGlobalSection
EndGlobal
